
Microsoft Visual Studio Solution File, Format Version 12.00
# Visual Studio Version 17
VisualStudioVersion = 17.0.31903.59
MinimumVisualStudioVersion = 10.0.40219.1
Project("{2150E333-8FDC-42A3-9474-1A3956D46DE8}") = "src", "src", "{2EF0D8DF-DC67-4FC8-9A3F-9492FF600711}"
EndProject
Project("{F2A71F9B-5D33-465A-A702-920D77279786}") = "Server", "src\Server\Server.fsproj", "{E5D77A5C-A0DD-44FD-87FA-BFC671103400}"
EndProject
Project("{F2A71F9B-5D33-465A-A702-920D77279786}") = "Shared", "src\Shared\Shared.fsproj", "{0057197A-66A7-4151-B722-1CBA58A57FD0}"
EndProject
Project("{F2A71F9B-5D33-465A-A702-920D77279786}") = "client", "src\client\Client.fsproj", "{E57A1E1D-5EE8-49D7-BE5D-B6E10060F2B4}"
EndProject
Global
	GlobalSection(SolutionConfigurationPlatforms) = preSolution
		Debug|Any CPU = Debug|Any CPU
		Release|Any CPU = Release|Any CPU
	EndGlobalSection
	GlobalSection(SolutionProperties) = preSolution
		HideSolutionNode = FALSE
	EndGlobalSection
	GlobalSection(ProjectConfigurationPlatforms) = postSolution
		{E5D77A5C-A0DD-44FD-87FA-BFC671103400}.Debug|Any CPU.ActiveCfg = Debug|Any CPU
		{E5D77A5C-A0DD-44FD-87FA-BFC671103400}.Debug|Any CPU.Build.0 = Debug|Any CPU
		{E5D77A5C-A0DD-44FD-87FA-BFC671103400}.Release|Any CPU.ActiveCfg = Release|Any CPU
		{E5D77A5C-A0DD-44FD-87FA-BFC671103400}.Release|Any CPU.Build.0 = Release|Any CPU
		{0057197A-66A7-4151-B722-1CBA58A57FD0}.Debug|Any CPU.ActiveCfg = Debug|Any CPU
		{0057197A-66A7-4151-B722-1CBA58A57FD0}.Debug|Any CPU.Build.0 = Debug|Any CPU
		{0057197A-66A7-4151-B722-1CBA58A57FD0}.Release|Any CPU.ActiveCfg = Release|Any CPU
		{0057197A-66A7-4151-B722-1CBA58A57FD0}.Release|Any CPU.Build.0 = Release|Any CPU
		{E57A1E1D-5EE8-49D7-BE5D-B6E10060F2B4}.Debug|Any CPU.ActiveCfg = Debug|Any CPU
		{E57A1E1D-5EE8-49D7-BE5D-B6E10060F2B4}.Debug|Any CPU.Build.0 = Debug|Any CPU
		{E57A1E1D-5EE8-49D7-BE5D-B6E10060F2B4}.Release|Any CPU.ActiveCfg = Release|Any CPU
		{E57A1E1D-5EE8-49D7-BE5D-B6E10060F2B4}.Release|Any CPU.Build.0 = Release|Any CPU
	EndGlobalSection
	GlobalSection(NestedProjects) = preSolution
		{E5D77A5C-A0DD-44FD-87FA-BFC671103400} = {2EF0D8DF-DC67-4FC8-9A3F-9492FF600711}
		{0057197A-66A7-4151-B722-1CBA58A57FD0} = {2EF0D8DF-DC67-4FC8-9A3F-9492FF600711}
		{E57A1E1D-5EE8-49D7-BE5D-B6E10060F2B4} = {2EF0D8DF-DC67-4FC8-9A3F-9492FF600711}
	EndGlobalSection
EndGlobal
